// !$*UTF8*$!
{
	archiveVersion = 1;
	classes = {
	};
	objectVersion = 46;
	objects = {

/* Begin PBXBuildFile section */
		3B1034691E9F9A320021538A /* ApplePush.cpp in Sources */ = {isa = PBXBuildFile; fileRef = 3B1034671E9F9A320021538A /* ApplePush.cpp */; };
		3B1034B31E9F9A750021538A /* AppMgr.cpp in Sources */ = {isa = PBXBuildFile; fileRef = 3B10346A1E9F9A750021538A /* AppMgr.cpp */; };
		3B1034B41E9F9A750021538A /* ArchiveMgr.cpp in Sources */ = {isa = PBXBuildFile; fileRef = 3B10346C1E9F9A750021538A /* ArchiveMgr.cpp */; };
		3B1034B51E9F9A750021538A /* ArchiveMsgCreator.cpp in Sources */ = {isa = PBXBuildFile; fileRef = 3B10346E1E9F9A750021538A /* ArchiveMsgCreator.cpp */; };
		3B1034B61E9F9A750021538A /* ArchiveSndr.cpp in Sources */ = {isa = PBXBuildFile; fileRef = 3B1034701E9F9A750021538A /* ArchiveSndr.cpp */; };
		3B1034B71E9F9A750021538A /* AutoSpreeDecoder.cpp in Sources */ = {isa = PBXBuildFile; fileRef = 3B1034731E9F9A750021538A /* AutoSpreeDecoder.cpp */; };
		3B1034B81E9F9A750021538A /* AutoSpreeMgr.cpp in Sources */ = {isa = PBXBuildFile; fileRef = 3B1034751E9F9A750021538A /* AutoSpreeMgr.cpp */; };
		3B1034B91E9F9A750021538A /* AutoSpreeMsgProcessor.cpp in Sources */ = {isa = PBXBuildFile; fileRef = 3B1034771E9F9A750021538A /* AutoSpreeMsgProcessor.cpp */; };
		3B1034BA1E9F9A750021538A /* AutoSpreeTranslator.cpp in Sources */ = {isa = PBXBuildFile; fileRef = 3B1034791E9F9A750021538A /* AutoSpreeTranslator.cpp */; };
		3B1034BB1E9F9A750021538A /* AutoSpreeWorker.cpp in Sources */ = {isa = PBXBuildFile; fileRef = 3B10347B1E9F9A750021538A /* AutoSpreeWorker.cpp */; };
		3B1034BC1E9F9A750021538A /* CommonArchvr.cpp in Sources */ = {isa = PBXBuildFile; fileRef = 3B10347D1E9F9A750021538A /* CommonArchvr.cpp */; };
		3B1034BD1E9F9A750021538A /* CommonDataMgr.cpp in Sources */ = {isa = PBXBuildFile; fileRef = 3B10347F1E9F9A750021538A /* CommonDataMgr.cpp */; };
		3B1034BE1E9F9A750021538A /* ConnMgr.cpp in Sources */ = {isa = PBXBuildFile; fileRef = 3B1034811E9F9A750021538A /* ConnMgr.cpp */; };
		3B1034BF1E9F9A750021538A /* EasyGrocDecoder.cpp in Sources */ = {isa = PBXBuildFile; fileRef = 3B1034841E9F9A750021538A /* EasyGrocDecoder.cpp */; };
		3B1034C01E9F9A750021538A /* EasyGrocMgr.cpp in Sources */ = {isa = PBXBuildFile; fileRef = 3B1034861E9F9A750021538A /* EasyGrocMgr.cpp */; };
		3B1034C11E9F9A750021538A /* EasyGrocMsgProcessor.cpp in Sources */ = {isa = PBXBuildFile; fileRef = 3B1034881E9F9A750021538A /* EasyGrocMsgProcessor.cpp */; };
		3B1034C21E9F9A750021538A /* EasyGrocTranslator.cpp in Sources */ = {isa = PBXBuildFile; fileRef = 3B10348A1E9F9A750021538A /* EasyGrocTranslator.cpp */; };
		3B1034C31E9F9A750021538A /* EasyGrocWorker.cpp in Sources */ = {isa = PBXBuildFile; fileRef = 3B10348C1E9F9A750021538A /* EasyGrocWorker.cpp */; };
		3B1034C41E9F9A750021538A /* FrndLstArchvr.cpp in Sources */ = {isa = PBXBuildFile; fileRef = 3B10348E1E9F9A750021538A /* FrndLstArchvr.cpp */; };
		3B1034C51E9F9A750021538A /* FrndLstMgr.cpp in Sources */ = {isa = PBXBuildFile; fileRef = 3B1034901E9F9A750021538A /* FrndLstMgr.cpp */; };
		3B1034C61E9F9A750021538A /* HashMap.cpp in Sources */ = {isa = PBXBuildFile; fileRef = 3B1034921E9F9A750021538A /* HashMap.cpp */; };
		3B1034C71E9F9A750021538A /* HashMapStr.cpp in Sources */ = {isa = PBXBuildFile; fileRef = 3B1034941E9F9A750021538A /* HashMapStr.cpp */; };
		3B1034C81E9F9A750021538A /* LckFreeLst.cpp in Sources */ = {isa = PBXBuildFile; fileRef = 3B1034961E9F9A750021538A /* LckFreeLst.cpp */; };
		3B1034C91E9F9A750021538A /* main.cpp in Sources */ = {isa = PBXBuildFile; fileRef = 3B1034981E9F9A750021538A /* main.cpp */; };
		3B1034CA1E9F9A750021538A /* Makefile in Sources */ = {isa = PBXBuildFile; fileRef = 3B1034991E9F9A750021538A /* Makefile */; };
		3B1034CB1E9F9A750021538A /* MessageDecoder.cpp in Sources */ = {isa = PBXBuildFile; fileRef = 3B10349A1E9F9A750021538A /* MessageDecoder.cpp */; };
		3B1034CC1E9F9A750021538A /* MessageEnqueuer.cpp in Sources */ = {isa = PBXBuildFile; fileRef = 3B10349C1E9F9A750021538A /* MessageEnqueuer.cpp */; };
		3B1034CD1E9F9A750021538A /* MessageObjs.cpp in Sources */ = {isa = PBXBuildFile; fileRef = 3B10349E1E9F9A750021538A /* MessageObjs.cpp */; };
		3B1034CE1E9F9A750021538A /* MessageProcessor.cpp in Sources */ = {isa = PBXBuildFile; fileRef = 3B1034A01E9F9A750021538A /* MessageProcessor.cpp */; };
		3B1034CF1E9F9A750021538A /* MessageTranslator.cpp in Sources */ = {isa = PBXBuildFile; fileRef = 3B1034A21E9F9A750021538A /* MessageTranslator.cpp */; };
		3B1034D01E9F9A750021538A /* NtwIntf.cpp in Sources */ = {isa = PBXBuildFile; fileRef = 3B1034A41E9F9A750021538A /* NtwIntf.cpp */; };
		3B1034D11E9F9A750021538A /* OpenHousesDecoder.cpp in Sources */ = {isa = PBXBuildFile; fileRef = 3B1034A71E9F9A750021538A /* OpenHousesDecoder.cpp */; };
		3B1034D21E9F9A750021538A /* OpenHousesMgr.cpp in Sources */ = {isa = PBXBuildFile; fileRef = 3B1034A91E9F9A750021538A /* OpenHousesMgr.cpp */; };
		3B1034D31E9F9A750021538A /* OpenHousesMsgProcessor.cpp in Sources */ = {isa = PBXBuildFile; fileRef = 3B1034AB1E9F9A750021538A /* OpenHousesMsgProcessor.cpp */; };
		3B1034D41E9F9A750021538A /* OpenHousesTranslator.cpp in Sources */ = {isa = PBXBuildFile; fileRef = 3B1034AD1E9F9A750021538A /* OpenHousesTranslator.cpp */; };
		3B1034D51E9F9A750021538A /* OpenHousesWorker.cpp in Sources */ = {isa = PBXBuildFile; fileRef = 3B1034AF1E9F9A750021538A /* OpenHousesWorker.cpp */; };
		3B1034D61E9F9A750021538A /* PictureSender.cpp in Sources */ = {isa = PBXBuildFile; fileRef = 3B1034B11E9F9A750021538A /* PictureSender.cpp */; };
		3B1034E51E9F9A880021538A /* ServSocket.cpp in Sources */ = {isa = PBXBuildFile; fileRef = 3B1034D71E9F9A880021538A /* ServSocket.cpp */; };
		3B1034E61E9F9A880021538A /* ShareIdArchvr.cpp in Sources */ = {isa = PBXBuildFile; fileRef = 3B1034DA1E9F9A880021538A /* ShareIdArchvr.cpp */; };
		3B1034E71E9F9A880021538A /* ShareIdMgr.cpp in Sources */ = {isa = PBXBuildFile; fileRef = 3B1034DC1E9F9A880021538A /* ShareIdMgr.cpp */; };
		3B1034E81E9F9A880021538A /* Util.cpp in Sources */ = {isa = PBXBuildFile; fileRef = 3B1034DF1E9F9A880021538A /* Util.cpp */; };
		3B1034E91E9F9A880021538A /* Worker.cpp in Sources */ = {isa = PBXBuildFile; fileRef = 3B1034E11E9F9A880021538A /* Worker.cpp */; };
		3B1034EA1E9F9A880021538A /* WorkerMgr.cpp in Sources */ = {isa = PBXBuildFile; fileRef = 3B1034E31E9F9A880021538A /* WorkerMgr.cpp */; };
/* End PBXBuildFile section */

/* Begin PBXCopyFilesBuildPhase section */
		3B1034591E9F99C40021538A /* CopyFiles */ = {
			isa = PBXCopyFilesBuildPhase;
			buildActionMask = 2147483647;
			dstPath = /usr/share/man/man1/;
			dstSubfolderSpec = 0;
			files = (
			);
			runOnlyForDeploymentPostprocessing = 1;
		};
/* End PBXCopyFilesBuildPhase section */

/* Begin PBXFileReference section */
		3B10345B1E9F99C40021538A /* server */ = {isa = PBXFileReference; explicitFileType = "compiled.mach-o.executable"; includeInIndex = 0; path = server; sourceTree = BUILT_PRODUCTS_DIR; };
		3B1034671E9F9A320021538A /* ApplePush.cpp */ = {isa = PBXFileReference; fileEncoding = 4; lastKnownFileType = sourcecode.cpp.cpp; name = ApplePush.cpp; path = ../../ApplePush.cpp; sourceTree = "<group>"; };
		3B1034681E9F9A320021538A /* ApplePush.h */ = {isa = PBXFileReference; fileEncoding = 4; lastKnownFileType = sourcecode.c.h; name = ApplePush.h; path = ../../ApplePush.h; sourceTree = "<group>"; };
		3B10346A1E9F9A750021538A /* AppMgr.cpp */ = {isa = PBXFileReference; fileEncoding = 4; lastKnownFileType = sourcecode.cpp.cpp; name = AppMgr.cpp; path = ../../AppMgr.cpp; sourceTree = "<group>"; };
		3B10346B1E9F9A750021538A /* AppMgr.h */ = {isa = PBXFileReference; fileEncoding = 4; lastKnownFileType = sourcecode.c.h; name = AppMgr.h; path = ../../AppMgr.h; sourceTree = "<group>"; };
		3B10346C1E9F9A750021538A /* ArchiveMgr.cpp */ = {isa = PBXFileReference; fileEncoding = 4; lastKnownFileType = sourcecode.cpp.cpp; name = ArchiveMgr.cpp; path = ../../ArchiveMgr.cpp; sourceTree = "<group>"; };
		3B10346D1E9F9A750021538A /* ArchiveMgr.h */ = {isa = PBXFileReference; fileEncoding = 4; lastKnownFileType = sourcecode.c.h; name = ArchiveMgr.h; path = ../../ArchiveMgr.h; sourceTree = "<group>"; };
		3B10346E1E9F9A750021538A /* ArchiveMsgCreator.cpp */ = {isa = PBXFileReference; fileEncoding = 4; lastKnownFileType = sourcecode.cpp.cpp; name = ArchiveMsgCreator.cpp; path = ../../ArchiveMsgCreator.cpp; sourceTree = "<group>"; };
		3B10346F1E9F9A750021538A /* ArchiveMsgCreator.h */ = {isa = PBXFileReference; fileEncoding = 4; lastKnownFileType = sourcecode.c.h; name = ArchiveMsgCreator.h; path = ../../ArchiveMsgCreator.h; sourceTree = "<group>"; };
		3B1034701E9F9A750021538A /* ArchiveSndr.cpp */ = {isa = PBXFileReference; fileEncoding = 4; lastKnownFileType = sourcecode.cpp.cpp; name = ArchiveSndr.cpp; path = ../../ArchiveSndr.cpp; sourceTree = "<group>"; };
		3B1034711E9F9A750021538A /* ArchiveSndr.h */ = {isa = PBXFileReference; fileEncoding = 4; lastKnownFileType = sourcecode.c.h; name = ArchiveSndr.h; path = ../../ArchiveSndr.h; sourceTree = "<group>"; };
		3B1034721E9F9A750021538A /* Archvr.h */ = {isa = PBXFileReference; fileEncoding = 4; lastKnownFileType = sourcecode.c.h; name = Archvr.h; path = ../../Archvr.h; sourceTree = "<group>"; };
		3B1034731E9F9A750021538A /* AutoSpreeDecoder.cpp */ = {isa = PBXFileReference; fileEncoding = 4; lastKnownFileType = sourcecode.cpp.cpp; name = AutoSpreeDecoder.cpp; path = ../../AutoSpreeDecoder.cpp; sourceTree = "<group>"; };
		3B1034741E9F9A750021538A /* AutoSpreeDecoder.h */ = {isa = PBXFileReference; fileEncoding = 4; lastKnownFileType = sourcecode.c.h; name = AutoSpreeDecoder.h; path = ../../AutoSpreeDecoder.h; sourceTree = "<group>"; };
		3B1034751E9F9A750021538A /* AutoSpreeMgr.cpp */ = {isa = PBXFileReference; fileEncoding = 4; lastKnownFileType = sourcecode.cpp.cpp; name = AutoSpreeMgr.cpp; path = ../../AutoSpreeMgr.cpp; sourceTree = "<group>"; };
		3B1034761E9F9A750021538A /* AutoSpreeMgr.h */ = {isa = PBXFileReference; fileEncoding = 4; lastKnownFileType = sourcecode.c.h; name = AutoSpreeMgr.h; path = ../../AutoSpreeMgr.h; sourceTree = "<group>"; };
		3B1034771E9F9A750021538A /* AutoSpreeMsgProcessor.cpp */ = {isa = PBXFileReference; fileEncoding = 4; lastKnownFileType = sourcecode.cpp.cpp; name = AutoSpreeMsgProcessor.cpp; path = ../../AutoSpreeMsgProcessor.cpp; sourceTree = "<group>"; };
		3B1034781E9F9A750021538A /* AutoSpreeMsgProcessor.h */ = {isa = PBXFileReference; fileEncoding = 4; lastKnownFileType = sourcecode.c.h; name = AutoSpreeMsgProcessor.h; path = ../../AutoSpreeMsgProcessor.h; sourceTree = "<group>"; };
		3B1034791E9F9A750021538A /* AutoSpreeTranslator.cpp */ = {isa = PBXFileReference; fileEncoding = 4; lastKnownFileType = sourcecode.cpp.cpp; name = AutoSpreeTranslator.cpp; path = ../../AutoSpreeTranslator.cpp; sourceTree = "<group>"; };
		3B10347A1E9F9A750021538A /* AutoSpreeTranslator.h */ = {isa = PBXFileReference; fileEncoding = 4; lastKnownFileType = sourcecode.c.h; name = AutoSpreeTranslator.h; path = ../../AutoSpreeTranslator.h; sourceTree = "<group>"; };
		3B10347B1E9F9A750021538A /* AutoSpreeWorker.cpp */ = {isa = PBXFileReference; fileEncoding = 4; lastKnownFileType = sourcecode.cpp.cpp; name = AutoSpreeWorker.cpp; path = ../../AutoSpreeWorker.cpp; sourceTree = "<group>"; };
		3B10347C1E9F9A750021538A /* AutoSpreeWorker.h */ = {isa = PBXFileReference; fileEncoding = 4; lastKnownFileType = sourcecode.c.h; name = AutoSpreeWorker.h; path = ../../AutoSpreeWorker.h; sourceTree = "<group>"; };
		3B10347D1E9F9A750021538A /* CommonArchvr.cpp */ = {isa = PBXFileReference; fileEncoding = 4; lastKnownFileType = sourcecode.cpp.cpp; name = CommonArchvr.cpp; path = ../../CommonArchvr.cpp; sourceTree = "<group>"; };
		3B10347E1E9F9A750021538A /* CommonArchvr.h */ = {isa = PBXFileReference; fileEncoding = 4; lastKnownFileType = sourcecode.c.h; name = CommonArchvr.h; path = ../../CommonArchvr.h; sourceTree = "<group>"; };
		3B10347F1E9F9A750021538A /* CommonDataMgr.cpp */ = {isa = PBXFileReference; fileEncoding = 4; lastKnownFileType = sourcecode.cpp.cpp; name = CommonDataMgr.cpp; path = ../../CommonDataMgr.cpp; sourceTree = "<group>"; };
		3B1034801E9F9A750021538A /* CommonDataMgr.h */ = {isa = PBXFileReference; fileEncoding = 4; lastKnownFileType = sourcecode.c.h; name = CommonDataMgr.h; path = ../../CommonDataMgr.h; sourceTree = "<group>"; };
		3B1034811E9F9A750021538A /* ConnMgr.cpp */ = {isa = PBXFileReference; fileEncoding = 4; lastKnownFileType = sourcecode.cpp.cpp; name = ConnMgr.cpp; path = ../../ConnMgr.cpp; sourceTree = "<group>"; };
		3B1034821E9F9A750021538A /* ConnMgr.h */ = {isa = PBXFileReference; fileEncoding = 4; lastKnownFileType = sourcecode.c.h; name = ConnMgr.h; path = ../../ConnMgr.h; sourceTree = "<group>"; };
		3B1034831E9F9A750021538A /* Constants.h */ = {isa = PBXFileReference; fileEncoding = 4; lastKnownFileType = sourcecode.c.h; name = Constants.h; path = ../../Constants.h; sourceTree = "<group>"; };
		3B1034841E9F9A750021538A /* EasyGrocDecoder.cpp */ = {isa = PBXFileReference; fileEncoding = 4; lastKnownFileType = sourcecode.cpp.cpp; name = EasyGrocDecoder.cpp; path = ../../EasyGrocDecoder.cpp; sourceTree = "<group>"; };
		3B1034851E9F9A750021538A /* EasyGrocDecoder.h */ = {isa = PBXFileReference; fileEncoding = 4; lastKnownFileType = sourcecode.c.h; name = EasyGrocDecoder.h; path = ../../EasyGrocDecoder.h; sourceTree = "<group>"; };
		3B1034861E9F9A750021538A /* EasyGrocMgr.cpp */ = {isa = PBXFileReference; fileEncoding = 4; lastKnownFileType = sourcecode.cpp.cpp; name = EasyGrocMgr.cpp; path = ../../EasyGrocMgr.cpp; sourceTree = "<group>"; };
		3B1034871E9F9A750021538A /* EasyGrocMgr.h */ = {isa = PBXFileReference; fileEncoding = 4; lastKnownFileType = sourcecode.c.h; name = EasyGrocMgr.h; path = ../../EasyGrocMgr.h; sourceTree = "<group>"; };
		3B1034881E9F9A750021538A /* EasyGrocMsgProcessor.cpp */ = {isa = PBXFileReference; fileEncoding = 4; lastKnownFileType = sourcecode.cpp.cpp; name = EasyGrocMsgProcessor.cpp; path = ../../EasyGrocMsgProcessor.cpp; sourceTree = "<group>"; };
		3B1034891E9F9A750021538A /* EasyGrocMsgProcessor.h */ = {isa = PBXFileReference; fileEncoding = 4; lastKnownFileType = sourcecode.c.h; name = EasyGrocMsgProcessor.h; path = ../../EasyGrocMsgProcessor.h; sourceTree = "<group>"; };
		3B10348A1E9F9A750021538A /* EasyGrocTranslator.cpp */ = {isa = PBXFileReference; fileEncoding = 4; lastKnownFileType = sourcecode.cpp.cpp; name = EasyGrocTranslator.cpp; path = ../../EasyGrocTranslator.cpp; sourceTree = "<group>"; };
		3B10348B1E9F9A750021538A /* EasyGrocTranslator.h */ = {isa = PBXFileReference; fileEncoding = 4; lastKnownFileType = sourcecode.c.h; name = EasyGrocTranslator.h; path = ../../EasyGrocTranslator.h; sourceTree = "<group>"; };
		3B10348C1E9F9A750021538A /* EasyGrocWorker.cpp */ = {isa = PBXFileReference; fileEncoding = 4; lastKnownFileType = sourcecode.cpp.cpp; name = EasyGrocWorker.cpp; path = ../../EasyGrocWorker.cpp; sourceTree = "<group>"; };
		3B10348D1E9F9A750021538A /* EasyGrocWorker.h */ = {isa = PBXFileReference; fileEncoding = 4; lastKnownFileType = sourcecode.c.h; name = EasyGrocWorker.h; path = ../../EasyGrocWorker.h; sourceTree = "<group>"; };
		3B10348E1E9F9A750021538A /* FrndLstArchvr.cpp */ = {isa = PBXFileReference; fileEncoding = 4; lastKnownFileType = sourcecode.cpp.cpp; name = FrndLstArchvr.cpp; path = ../../FrndLstArchvr.cpp; sourceTree = "<group>"; };
		3B10348F1E9F9A750021538A /* FrndLstArchvr.h */ = {isa = PBXFileReference; fileEncoding = 4; lastKnownFileType = sourcecode.c.h; name = FrndLstArchvr.h; path = ../../FrndLstArchvr.h; sourceTree = "<group>"; };
		3B1034901E9F9A750021538A /* FrndLstMgr.cpp */ = {isa = PBXFileReference; fileEncoding = 4; lastKnownFileType = sourcecode.cpp.cpp; name = FrndLstMgr.cpp; path = ../../FrndLstMgr.cpp; sourceTree = "<group>"; };
		3B1034911E9F9A750021538A /* FrndLstMgr.h */ = {isa = PBXFileReference; fileEncoding = 4; lastKnownFileType = sourcecode.c.h; name = FrndLstMgr.h; path = ../../FrndLstMgr.h; sourceTree = "<group>"; };
		3B1034921E9F9A750021538A /* HashMap.cpp */ = {isa = PBXFileReference; fileEncoding = 4; lastKnownFileType = sourcecode.cpp.cpp; name = HashMap.cpp; path = ../../HashMap.cpp; sourceTree = "<group>"; };
		3B1034931E9F9A750021538A /* HashMap.h */ = {isa = PBXFileReference; fileEncoding = 4; lastKnownFileType = sourcecode.c.h; name = HashMap.h; path = ../../HashMap.h; sourceTree = "<group>"; };
		3B1034941E9F9A750021538A /* HashMapStr.cpp */ = {isa = PBXFileReference; fileEncoding = 4; lastKnownFileType = sourcecode.cpp.cpp; name = HashMapStr.cpp; path = ../../HashMapStr.cpp; sourceTree = "<group>"; };
		3B1034951E9F9A750021538A /* HashMapStr.h */ = {isa = PBXFileReference; fileEncoding = 4; lastKnownFileType = sourcecode.c.h; name = HashMapStr.h; path = ../../HashMapStr.h; sourceTree = "<group>"; };
		3B1034961E9F9A750021538A /* LckFreeLst.cpp */ = {isa = PBXFileReference; fileEncoding = 4; lastKnownFileType = sourcecode.cpp.cpp; name = LckFreeLst.cpp; path = ../../LckFreeLst.cpp; sourceTree = "<group>"; };
		3B1034971E9F9A750021538A /* LckFreeLst.h */ = {isa = PBXFileReference; fileEncoding = 4; lastKnownFileType = sourcecode.c.h; name = LckFreeLst.h; path = ../../LckFreeLst.h; sourceTree = "<group>"; };
		3B1034981E9F9A750021538A /* main.cpp */ = {isa = PBXFileReference; fileEncoding = 4; lastKnownFileType = sourcecode.cpp.cpp; name = main.cpp; path = ../../main.cpp; sourceTree = "<group>"; };
		3B1034991E9F9A750021538A /* Makefile */ = {isa = PBXFileReference; fileEncoding = 4; lastKnownFileType = sourcecode.make; name = Makefile; path = ../../Makefile; sourceTree = "<group>"; };
		3B10349A1E9F9A750021538A /* MessageDecoder.cpp */ = {isa = PBXFileReference; fileEncoding = 4; lastKnownFileType = sourcecode.cpp.cpp; name = MessageDecoder.cpp; path = ../../MessageDecoder.cpp; sourceTree = "<group>"; };
		3B10349B1E9F9A750021538A /* MessageDecoder.h */ = {isa = PBXFileReference; fileEncoding = 4; lastKnownFileType = sourcecode.c.h; name = MessageDecoder.h; path = ../../MessageDecoder.h; sourceTree = "<group>"; };
		3B10349C1E9F9A750021538A /* MessageEnqueuer.cpp */ = {isa = PBXFileReference; fileEncoding = 4; lastKnownFileType = sourcecode.cpp.cpp; name = MessageEnqueuer.cpp; path = ../../MessageEnqueuer.cpp; sourceTree = "<group>"; };
		3B10349D1E9F9A750021538A /* MessageEnqueuer.h */ = {isa = PBXFileReference; fileEncoding = 4; lastKnownFileType = sourcecode.c.h; name = MessageEnqueuer.h; path = ../../MessageEnqueuer.h; sourceTree = "<group>"; };
		3B10349E1E9F9A750021538A /* MessageObjs.cpp */ = {isa = PBXFileReference; fileEncoding = 4; lastKnownFileType = sourcecode.cpp.cpp; name = MessageObjs.cpp; path = ../../MessageObjs.cpp; sourceTree = "<group>"; };
		3B10349F1E9F9A750021538A /* MessageObjs.h */ = {isa = PBXFileReference; fileEncoding = 4; lastKnownFileType = sourcecode.c.h; name = MessageObjs.h; path = ../../MessageObjs.h; sourceTree = "<group>"; };
		3B1034A01E9F9A750021538A /* MessageProcessor.cpp */ = {isa = PBXFileReference; fileEncoding = 4; lastKnownFileType = sourcecode.cpp.cpp; name = MessageProcessor.cpp; path = ../../MessageProcessor.cpp; sourceTree = "<group>"; };
		3B1034A11E9F9A750021538A /* MessageProcessor.h */ = {isa = PBXFileReference; fileEncoding = 4; lastKnownFileType = sourcecode.c.h; name = MessageProcessor.h; path = ../../MessageProcessor.h; sourceTree = "<group>"; };
		3B1034A21E9F9A750021538A /* MessageTranslator.cpp */ = {isa = PBXFileReference; fileEncoding = 4; lastKnownFileType = sourcecode.cpp.cpp; name = MessageTranslator.cpp; path = ../../MessageTranslator.cpp; sourceTree = "<group>"; };
		3B1034A31E9F9A750021538A /* MessageTranslator.h */ = {isa = PBXFileReference; fileEncoding = 4; lastKnownFileType = sourcecode.c.h; name = MessageTranslator.h; path = ../../MessageTranslator.h; sourceTree = "<group>"; };
		3B1034A41E9F9A750021538A /* NtwIntf.cpp */ = {isa = PBXFileReference; fileEncoding = 4; lastKnownFileType = sourcecode.cpp.cpp; name = NtwIntf.cpp; path = ../../NtwIntf.cpp; sourceTree = "<group>"; };
		3B1034A51E9F9A750021538A /* NtwIntf.h */ = {isa = PBXFileReference; fileEncoding = 4; lastKnownFileType = sourcecode.c.h; name = NtwIntf.h; path = ../../NtwIntf.h; sourceTree = "<group>"; };
		3B1034A61E9F9A750021538A /* Observer.h */ = {isa = PBXFileReference; fileEncoding = 4; lastKnownFileType = sourcecode.c.h; name = Observer.h; path = ../../Observer.h; sourceTree = "<group>"; };
		3B1034A71E9F9A750021538A /* OpenHousesDecoder.cpp */ = {isa = PBXFileReference; fileEncoding = 4; lastKnownFileType = sourcecode.cpp.cpp; name = OpenHousesDecoder.cpp; path = ../../OpenHousesDecoder.cpp; sourceTree = "<group>"; };
		3B1034A81E9F9A750021538A /* OpenHousesDecoder.h */ = {isa = PBXFileReference; fileEncoding = 4; lastKnownFileType = sourcecode.c.h; name = OpenHousesDecoder.h; path = ../../OpenHousesDecoder.h; sourceTree = "<group>"; };
		3B1034A91E9F9A750021538A /* OpenHousesMgr.cpp */ = {isa = PBXFileReference; fileEncoding = 4; lastKnownFileType = sourcecode.cpp.cpp; name = OpenHousesMgr.cpp; path = ../../OpenHousesMgr.cpp; sourceTree = "<group>"; };
		3B1034AA1E9F9A750021538A /* OpenHousesMgr.h */ = {isa = PBXFileReference; fileEncoding = 4; lastKnownFileType = sourcecode.c.h; name = OpenHousesMgr.h; path = ../../OpenHousesMgr.h; sourceTree = "<group>"; };
		3B1034AB1E9F9A750021538A /* OpenHousesMsgProcessor.cpp */ = {isa = PBXFileReference; fileEncoding = 4; lastKnownFileType = sourcecode.cpp.cpp; name = OpenHousesMsgProcessor.cpp; path = ../../OpenHousesMsgProcessor.cpp; sourceTree = "<group>"; };
		3B1034AC1E9F9A750021538A /* OpenHousesMsgProcessor.h */ = {isa = PBXFileReference; fileEncoding = 4; lastKnownFileType = sourcecode.c.h; name = OpenHousesMsgProcessor.h; path = ../../OpenHousesMsgProcessor.h; sourceTree = "<group>"; };
		3B1034AD1E9F9A750021538A /* OpenHousesTranslator.cpp */ = {isa = PBXFileReference; fileEncoding = 4; lastKnownFileType = sourcecode.cpp.cpp; name = OpenHousesTranslator.cpp; path = ../../OpenHousesTranslator.cpp; sourceTree = "<group>"; };
		3B1034AE1E9F9A750021538A /* OpenHousesTranslator.h */ = {isa = PBXFileReference; fileEncoding = 4; lastKnownFileType = sourcecode.c.h; name = OpenHousesTranslator.h; path = ../../OpenHousesTranslator.h; sourceTree = "<group>"; };
		3B1034AF1E9F9A750021538A /* OpenHousesWorker.cpp */ = {isa = PBXFileReference; fileEncoding = 4; lastKnownFileType = sourcecode.cpp.cpp; name = OpenHousesWorker.cpp; path = ../../OpenHousesWorker.cpp; sourceTree = "<group>"; };
		3B1034B01E9F9A750021538A /* OpenHousesWorker.h */ = {isa = PBXFileReference; fileEncoding = 4; lastKnownFileType = sourcecode.c.h; name = OpenHousesWorker.h; path = ../../OpenHousesWorker.h; sourceTree = "<group>"; };
		3B1034B11E9F9A750021538A /* PictureSender.cpp */ = {isa = PBXFileReference; fileEncoding = 4; lastKnownFileType = sourcecode.cpp.cpp; name = PictureSender.cpp; path = ../../PictureSender.cpp; sourceTree = "<group>"; };
		3B1034B21E9F9A750021538A /* PictureSender.h */ = {isa = PBXFileReference; fileEncoding = 4; lastKnownFileType = sourcecode.c.h; name = PictureSender.h; path = ../../PictureSender.h; sourceTree = "<group>"; };
		3B1034D71E9F9A880021538A /* ServSocket.cpp */ = {isa = PBXFileReference; fileEncoding = 4; lastKnownFileType = sourcecode.cpp.cpp; name = ServSocket.cpp; path = ../../ServSocket.cpp; sourceTree = "<group>"; };
		3B1034D81E9F9A880021538A /* ServSocket.h */ = {isa = PBXFileReference; fileEncoding = 4; lastKnownFileType = sourcecode.c.h; name = ServSocket.h; path = ../../ServSocket.h; sourceTree = "<group>"; };
		3B1034D91E9F9A880021538A /* SharedIdMgr.h */ = {isa = PBXFileReference; fileEncoding = 4; lastKnownFileType = sourcecode.c.h; name = SharedIdMgr.h; path = ../../SharedIdMgr.h; sourceTree = "<group>"; };
		3B1034DA1E9F9A880021538A /* ShareIdArchvr.cpp */ = {isa = PBXFileReference; fileEncoding = 4; lastKnownFileType = sourcecode.cpp.cpp; name = ShareIdArchvr.cpp; path = ../../ShareIdArchvr.cpp; sourceTree = "<group>"; };
		3B1034DB1E9F9A880021538A /* ShareIdArchvr.h */ = {isa = PBXFileReference; fileEncoding = 4; lastKnownFileType = sourcecode.c.h; name = ShareIdArchvr.h; path = ../../ShareIdArchvr.h; sourceTree = "<group>"; };
		3B1034DC1E9F9A880021538A /* ShareIdMgr.cpp */ = {isa = PBXFileReference; fileEncoding = 4; lastKnownFileType = sourcecode.cpp.cpp; name = ShareIdMgr.cpp; path = ../../ShareIdMgr.cpp; sourceTree = "<group>"; };
		3B1034DD1E9F9A880021538A /* ShareIdMgr.h */ = {isa = PBXFileReference; fileEncoding = 4; lastKnownFileType = sourcecode.c.h; name = ShareIdMgr.h; path = ../../ShareIdMgr.h; sourceTree = "<group>"; };
		3B1034DE1E9F9A880021538A /* StorageElems.h */ = {isa = PBXFileReference; fileEncoding = 4; lastKnownFileType = sourcecode.c.h; name = StorageElems.h; path = ../../StorageElems.h; sourceTree = "<group>"; };
		3B1034DF1E9F9A880021538A /* Util.cpp */ = {isa = PBXFileReference; fileEncoding = 4; lastKnownFileType = sourcecode.cpp.cpp; name = Util.cpp; path = ../../Util.cpp; sourceTree = "<group>"; };
		3B1034E01E9F9A880021538A /* Util.h */ = {isa = PBXFileReference; fileEncoding = 4; lastKnownFileType = sourcecode.c.h; name = Util.h; path = ../../Util.h; sourceTree = "<group>"; };
		3B1034E11E9F9A880021538A /* Worker.cpp */ = {isa = PBXFileReference; fileEncoding = 4; lastKnownFileType = sourcecode.cpp.cpp; name = Worker.cpp; path = ../../Worker.cpp; sourceTree = "<group>"; };
		3B1034E21E9F9A880021538A /* Worker.h */ = {isa = PBXFileReference; fileEncoding = 4; lastKnownFileType = sourcecode.c.h; name = Worker.h; path = ../../Worker.h; sourceTree = "<group>"; };
		3B1034E31E9F9A880021538A /* WorkerMgr.cpp */ = {isa = PBXFileReference; fileEncoding = 4; lastKnownFileType = sourcecode.cpp.cpp; name = WorkerMgr.cpp; path = ../../WorkerMgr.cpp; sourceTree = "<group>"; };
		3B1034E41E9F9A880021538A /* WorkerMgr.h */ = {isa = PBXFileReference; fileEncoding = 4; lastKnownFileType = sourcecode.c.h; name = WorkerMgr.h; path = ../../WorkerMgr.h; sourceTree = "<group>"; };
/* End PBXFileReference section */

/* Begin PBXFrameworksBuildPhase section */
		3B1034581E9F99C40021538A /* Frameworks */ = {
			isa = PBXFrameworksBuildPhase;
			buildActionMask = 2147483647;
			files = (
			);
			runOnlyForDeploymentPostprocessing = 0;
		};
/* End PBXFrameworksBuildPhase section */

/* Begin PBXGroup section */
		3B1034521E9F99C40021538A = {
			isa = PBXGroup;
			children = (
				3B10345D1E9F99C40021538A /* server */,
				3B10345C1E9F99C40021538A /* Products */,
			);
			sourceTree = "<group>";
		};
		3B10345C1E9F99C40021538A /* Products */ = {
			isa = PBXGroup;
			children = (
				3B10345B1E9F99C40021538A /* server */,
			);
			name = Products;
			sourceTree = "<group>";
		};
		3B10345D1E9F99C40021538A /* server */ = {
			isa = PBXGroup;
			children = (
				3B1034671E9F9A320021538A /* ApplePush.cpp */,
				3B1034D71E9F9A880021538A /* ServSocket.cpp */,
				3B1034D81E9F9A880021538A /* ServSocket.h */,
				3B1034D91E9F9A880021538A /* SharedIdMgr.h */,
				3B1034DA1E9F9A880021538A /* ShareIdArchvr.cpp */,
				3B1034DB1E9F9A880021538A /* ShareIdArchvr.h */,
				3B1034DC1E9F9A880021538A /* ShareIdMgr.cpp */,
				3B1034DD1E9F9A880021538A /* ShareIdMgr.h */,
				3B1034DF1E9F9A880021538A /* Util.cpp */,
				3B1034E01E9F9A880021538A /* Util.h */,
				3B1034E11E9F9A880021538A /* Worker.cpp */,
				3B1034E21E9F9A880021538A /* Worker.h */,
				3B1034E31E9F9A880021538A /* WorkerMgr.cpp */,
				3B1034E41E9F9A880021538A /* WorkerMgr.h */,
				3B10346A1E9F9A750021538A /* AppMgr.cpp */,
				3B10346B1E9F9A750021538A /* AppMgr.h */,
				3B10346C1E9F9A750021538A /* ArchiveMgr.cpp */,
				3B10346D1E9F9A750021538A /* ArchiveMgr.h */,
				3B10346E1E9F9A750021538A /* ArchiveMsgCreator.cpp */,
				3B10346F1E9F9A750021538A /* ArchiveMsgCreator.h */,
				3B1034701E9F9A750021538A /* ArchiveSndr.cpp */,
				3B1034711E9F9A750021538A /* ArchiveSndr.h */,
				3B1034721E9F9A750021538A /* Archvr.h */,
				3B1034731E9F9A750021538A /* AutoSpreeDecoder.cpp */,
				3B1034741E9F9A750021538A /* AutoSpreeDecoder.h */,
				3B1034751E9F9A750021538A /* AutoSpreeMgr.cpp */,
				3B1034761E9F9A750021538A /* AutoSpreeMgr.h */,
				3B1034771E9F9A750021538A /* AutoSpreeMsgProcessor.cpp */,
				3B1034781E9F9A750021538A /* AutoSpreeMsgProcessor.h */,
				3B1034791E9F9A750021538A /* AutoSpreeTranslator.cpp */,
				3B10347A1E9F9A750021538A /* AutoSpreeTranslator.h */,
				3B10347B1E9F9A750021538A /* AutoSpreeWorker.cpp */,
				3B10347C1E9F9A750021538A /* AutoSpreeWorker.h */,
				3B10347D1E9F9A750021538A /* CommonArchvr.cpp */,
				3B10347E1E9F9A750021538A /* CommonArchvr.h */,
				3B1034DE1E9F9A880021538A /* StorageElems.h */,
				3B10347F1E9F9A750021538A /* CommonDataMgr.cpp */,
				3B1034801E9F9A750021538A /* CommonDataMgr.h */,
				3B1034811E9F9A750021538A /* ConnMgr.cpp */,
				3B1034821E9F9A750021538A /* ConnMgr.h */,
				3B1034861E9F9A750021538A /* EasyGrocMgr.cpp */,
				3B1034871E9F9A750021538A /* EasyGrocMgr.h */,
				3B10348A1E9F9A750021538A /* EasyGrocTranslator.cpp */,
				3B10348B1E9F9A750021538A /* EasyGrocTranslator.h */,
				3B10348C1E9F9A750021538A /* EasyGrocWorker.cpp */,
				3B10348D1E9F9A750021538A /* EasyGrocWorker.h */,
				3B10348E1E9F9A750021538A /* FrndLstArchvr.cpp */,
				3B10348F1E9F9A750021538A /* FrndLstArchvr.h */,
				3B1034901E9F9A750021538A /* FrndLstMgr.cpp */,
				3B1034911E9F9A750021538A /* FrndLstMgr.h */,
				3B1034921E9F9A750021538A /* HashMap.cpp */,
				3B1034931E9F9A750021538A /* HashMap.h */,
				3B1034941E9F9A750021538A /* HashMapStr.cpp */,
				3B1034951E9F9A750021538A /* HashMapStr.h */,
				3B1034961E9F9A750021538A /* LckFreeLst.cpp */,
				3B1034971E9F9A750021538A /* LckFreeLst.h */,
				3B1034981E9F9A750021538A /* main.cpp */,
				3B1034991E9F9A750021538A /* Makefile */,
				3B10349A1E9F9A750021538A /* MessageDecoder.cpp */,
				3B10349B1E9F9A750021538A /* MessageDecoder.h */,
				3B10349C1E9F9A750021538A /* MessageEnqueuer.cpp */,
				3B1034841E9F9A750021538A /* EasyGrocDecoder.cpp */,
				3B1034851E9F9A750021538A /* EasyGrocDecoder.h */,
				3B10349D1E9F9A750021538A /* MessageEnqueuer.h */,
				3B10349E1E9F9A750021538A /* MessageObjs.cpp */,
				3B10349F1E9F9A750021538A /* MessageObjs.h */,
				3B1034831E9F9A750021538A /* Constants.h */,
				3B1034891E9F9A750021538A /* EasyGrocMsgProcessor.h */,
				3B1034881E9F9A750021538A /* EasyGrocMsgProcessor.cpp */,
				3B1034A01E9F9A750021538A /* MessageProcessor.cpp */,
				3B1034A11E9F9A750021538A /* MessageProcessor.h */,
				3B1034A21E9F9A750021538A /* MessageTranslator.cpp */,
				3B1034A31E9F9A750021538A /* MessageTranslator.h */,
				3B1034A41E9F9A750021538A /* NtwIntf.cpp */,
				3B1034A51E9F9A750021538A /* NtwIntf.h */,
				3B1034A61E9F9A750021538A /* Observer.h */,
				3B1034A71E9F9A750021538A /* OpenHousesDecoder.cpp */,
				3B1034A81E9F9A750021538A /* OpenHousesDecoder.h */,
				3B1034A91E9F9A750021538A /* OpenHousesMgr.cpp */,
				3B1034AA1E9F9A750021538A /* OpenHousesMgr.h */,
				3B1034AB1E9F9A750021538A /* OpenHousesMsgProcessor.cpp */,
				3B1034AC1E9F9A750021538A /* OpenHousesMsgProcessor.h */,
				3B1034AD1E9F9A750021538A /* OpenHousesTranslator.cpp */,
				3B1034AE1E9F9A750021538A /* OpenHousesTranslator.h */,
				3B1034AF1E9F9A750021538A /* OpenHousesWorker.cpp */,
				3B1034B01E9F9A750021538A /* OpenHousesWorker.h */,
				3B1034B11E9F9A750021538A /* PictureSender.cpp */,
				3B1034B21E9F9A750021538A /* PictureSender.h */,
				3B1034681E9F9A320021538A /* ApplePush.h */,
			);
			path = server;
			sourceTree = "<group>";
		};
/* End PBXGroup section */

/* Begin PBXNativeTarget section */
		3B10345A1E9F99C40021538A /* server */ = {
			isa = PBXNativeTarget;
			buildConfigurationList = 3B1034621E9F99C40021538A /* Build configuration list for PBXNativeTarget "server" */;
			buildPhases = (
				3B1034571E9F99C40021538A /* Sources */,
				3B1034581E9F99C40021538A /* Frameworks */,
				3B1034591E9F99C40021538A /* CopyFiles */,
			);
			buildRules = (
			);
			dependencies = (
			);
			name = server;
			productName = server;
			productReference = 3B10345B1E9F99C40021538A /* server */;
			productType = "com.apple.product-type.tool";
		};
/* End PBXNativeTarget section */

/* Begin PBXProject section */
		3B1034531E9F99C40021538A /* Project object */ = {
			isa = PBXProject;
			attributes = {
				LastUpgradeCheck = 0820;
				ORGANIZATIONNAME = "Ninan Thomas";
				TargetAttributes = {
					3B10345A1E9F99C40021538A = {
						CreatedOnToolsVersion = 8.2.1;
						ProvisioningStyle = Automatic;
					};
				};
			};
			buildConfigurationList = 3B1034561E9F99C40021538A /* Build configuration list for PBXProject "server" */;
			compatibilityVersion = "Xcode 3.2";
			developmentRegion = English;
			hasScannedForEncodings = 0;
			knownRegions = (
				en,
			);
			mainGroup = 3B1034521E9F99C40021538A;
			productRefGroup = 3B10345C1E9F99C40021538A /* Products */;
			projectDirPath = "";
			projectRoot = "";
			targets = (
				3B10345A1E9F99C40021538A /* server */,
			);
		};
/* End PBXProject section */

/* Begin PBXSourcesBuildPhase section */
		3B1034571E9F99C40021538A /* Sources */ = {
			isa = PBXSourcesBuildPhase;
			buildActionMask = 2147483647;
			files = (
				3B1034B31E9F9A750021538A /* AppMgr.cpp in Sources */,
				3B1034BC1E9F9A750021538A /* CommonArchvr.cpp in Sources */,
				3B1034C01E9F9A750021538A /* EasyGrocMgr.cpp in Sources */,
				3B1034BE1E9F9A750021538A /* ConnMgr.cpp in Sources */,
				3B1034B91E9F9A750021538A /* AutoSpreeMsgProcessor.cpp in Sources */,
				3B1034E91E9F9A880021538A /* Worker.cpp in Sources */,
				3B1034D11E9F9A750021538A /* OpenHousesDecoder.cpp in Sources */,
				3B1034E81E9F9A880021538A /* Util.cpp in Sources */,
				3B1034CF1E9F9A750021538A /* MessageTranslator.cpp in Sources */,
				3B1034BD1E9F9A750021538A /* CommonDataMgr.cpp in Sources */,
				3B1034C71E9F9A750021538A /* HashMapStr.cpp in Sources */,
				3B1034D01E9F9A750021538A /* NtwIntf.cpp in Sources */,
				3B1034C61E9F9A750021538A /* HashMap.cpp in Sources */,
				3B1034C81E9F9A750021538A /* LckFreeLst.cpp in Sources */,
				3B1034EA1E9F9A880021538A /* WorkerMgr.cpp in Sources */,
				3B1034BB1E9F9A750021538A /* AutoSpreeWorker.cpp in Sources */,
				3B1034E71E9F9A880021538A /* ShareIdMgr.cpp in Sources */,
				3B1034B41E9F9A750021538A /* ArchiveMgr.cpp in Sources */,
				3B1034691E9F9A320021538A /* ApplePush.cpp in Sources */,
				3B1034C41E9F9A750021538A /* FrndLstArchvr.cpp in Sources */,
				3B1034B71E9F9A750021538A /* AutoSpreeDecoder.cpp in Sources */,
				3B1034C91E9F9A750021538A /* main.cpp in Sources */,
				3B1034CE1E9F9A750021538A /* MessageProcessor.cpp in Sources */,
				3B1034CA1E9F9A750021538A /* Makefile in Sources */,
				3B1034B61E9F9A750021538A /* ArchiveSndr.cpp in Sources */,
				3B1034C21E9F9A750021538A /* EasyGrocTranslator.cpp in Sources */,
				3B1034BA1E9F9A750021538A /* AutoSpreeTranslator.cpp in Sources */,
				3B1034CD1E9F9A750021538A /* MessageObjs.cpp in Sources */,
				3B1034D51E9F9A750021538A /* OpenHousesWorker.cpp in Sources */,
				3B1034BF1E9F9A750021538A /* EasyGrocDecoder.cpp in Sources */,
				3B1034D31E9F9A750021538A /* OpenHousesMsgProcessor.cpp in Sources */,
				3B1034CB1E9F9A750021538A /* MessageDecoder.cpp in Sources */,
				3B1034C11E9F9A750021538A /* EasyGrocMsgProcessor.cpp in Sources */,
				3B1034B81E9F9A750021538A /* AutoSpreeMgr.cpp in Sources */,
				3B1034D61E9F9A750021538A /* PictureSender.cpp in Sources */,
				3B1034D21E9F9A750021538A /* OpenHousesMgr.cpp in Sources */,
				3B1034C31E9F9A750021538A /* EasyGrocWorker.cpp in Sources */,
				3B1034C51E9F9A750021538A /* FrndLstMgr.cpp in Sources */,
				3B1034E61E9F9A880021538A /* ShareIdArchvr.cpp in Sources */,
				3B1034E51E9F9A880021538A /* ServSocket.cpp in Sources */,
				3B1034D41E9F9A750021538A /* OpenHousesTranslator.cpp in Sources */,
				3B1034CC1E9F9A750021538A /* MessageEnqueuer.cpp in Sources */,
				3B1034B51E9F9A750021538A /* ArchiveMsgCreator.cpp in Sources */,
			);
			runOnlyForDeploymentPostprocessing = 0;
		};
/* End PBXSourcesBuildPhase section */

/* Begin XCBuildConfiguration section */
		3B1034601E9F99C40021538A /* Debug */ = {
			isa = XCBuildConfiguration;
			buildSettings = {
				ALWAYS_SEARCH_USER_PATHS = NO;
				CLANG_ANALYZER_NONNULL = YES;
				CLANG_CXX_LANGUAGE_STANDARD = "gnu++0x";
				CLANG_CXX_LIBRARY = "libc++";
				CLANG_ENABLE_MODULES = YES;
				CLANG_ENABLE_OBJC_ARC = YES;
				CLANG_WARN_BOOL_CONVERSION = YES;
				CLANG_WARN_CONSTANT_CONVERSION = YES;
				CLANG_WARN_DIRECT_OBJC_ISA_USAGE = YES_ERROR;
				CLANG_WARN_DOCUMENTATION_COMMENTS = YES;
				CLANG_WARN_EMPTY_BODY = YES;
				CLANG_WARN_ENUM_CONVERSION = YES;
				CLANG_WARN_INFINITE_RECURSION = YES;
				CLANG_WARN_INT_CONVERSION = YES;
				CLANG_WARN_OBJC_ROOT_CLASS = YES_ERROR;
				CLANG_WARN_SUSPICIOUS_MOVE = YES;
				CLANG_WARN_UNREACHABLE_CODE = YES;
				CLANG_WARN__DUPLICATE_METHOD_MATCH = YES;
				CODE_SIGN_IDENTITY = "-";
				COPY_PHASE_STRIP = NO;
				DEBUG_INFORMATION_FORMAT = dwarf;
				ENABLE_STRICT_OBJC_MSGSEND = YES;
				ENABLE_TESTABILITY = YES;
				GCC_C_LANGUAGE_STANDARD = gnu99;
				GCC_DYNAMIC_NO_PIC = NO;
				GCC_NO_COMMON_BLOCKS = YES;
				GCC_OPTIMIZATION_LEVEL = 0;
				GCC_PREPROCESSOR_DEFINITIONS = (
					"DEBUG=1",
					"$(inherited)",
				);
				GCC_WARN_64_TO_32_BIT_CONVERSION = YES;
				GCC_WARN_ABOUT_RETURN_TYPE = YES_ERROR;
				GCC_WARN_UNDECLARED_SELECTOR = YES;
				GCC_WARN_UNINITIALIZED_AUTOS = YES_AGGRESSIVE;
				GCC_WARN_UNUSED_FUNCTION = YES;
				GCC_WARN_UNUSED_VARIABLE = YES;
				MACOSX_DEPLOYMENT_TARGET = 10.12;
				MTL_ENABLE_DEBUG_INFO = YES;
				ONLY_ACTIVE_ARCH = YES;
				SDKROOT = macosx;
			};
			name = Debug;
		};
		3B1034611E9F99C40021538A /* Release */ = {
			isa = XCBuildConfiguration;
			buildSettings = {
				ALWAYS_SEARCH_USER_PATHS = NO;
				CLANG_ANALYZER_NONNULL = YES;
				CLANG_CXX_LANGUAGE_STANDARD = "gnu++0x";
				CLANG_CXX_LIBRARY = "libc++";
				CLANG_ENABLE_MODULES = YES;
				CLANG_ENABLE_OBJC_ARC = YES;
				CLANG_WARN_BOOL_CONVERSION = YES;
				CLANG_WARN_CONSTANT_CONVERSION = YES;
				CLANG_WARN_DIRECT_OBJC_ISA_USAGE = YES_ERROR;
				CLANG_WARN_DOCUMENTATION_COMMENTS = YES;
				CLANG_WARN_EMPTY_BODY = YES;
				CLANG_WARN_ENUM_CONVERSION = YES;
				CLANG_WARN_INFINITE_RECURSION = YES;
				CLANG_WARN_INT_CONVERSION = YES;
				CLANG_WARN_OBJC_ROOT_CLASS = YES_ERROR;
				CLANG_WARN_SUSPICIOUS_MOVE = YES;
				CLANG_WARN_UNREACHABLE_CODE = YES;
				CLANG_WARN__DUPLICATE_METHOD_MATCH = YES;
				CODE_SIGN_IDENTITY = "-";
				COPY_PHASE_STRIP = NO;
				DEBUG_INFORMATION_FORMAT = "dwarf-with-dsym";
				ENABLE_NS_ASSERTIONS = NO;
				ENABLE_STRICT_OBJC_MSGSEND = YES;
				GCC_C_LANGUAGE_STANDARD = gnu99;
				GCC_NO_COMMON_BLOCKS = YES;
				GCC_WARN_64_TO_32_BIT_CONVERSION = YES;
				GCC_WARN_ABOUT_RETURN_TYPE = YES_ERROR;
				GCC_WARN_UNDECLARED_SELECTOR = YES;
				GCC_WARN_UNINITIALIZED_AUTOS = YES_AGGRESSIVE;
				GCC_WARN_UNUSED_FUNCTION = YES;
				GCC_WARN_UNUSED_VARIABLE = YES;
				MACOSX_DEPLOYMENT_TARGET = 10.12;
				MTL_ENABLE_DEBUG_INFO = NO;
				SDKROOT = macosx;
			};
			name = Release;
		};
		3B1034631E9F99C40021538A /* Debug */ = {
			isa = XCBuildConfiguration;
			buildSettings = {
				ALWAYS_SEARCH_USER_PATHS = NO;
				CLANG_CXX_LANGUAGE_STANDARD = "gnu++14";
				CLANG_CXX_LIBRARY = "libstdc++";
				"HEADER_SEARCH_PATHS[arch=*]" = /Users/ninanthomas/projects/server;
				PRODUCT_NAME = "$(TARGET_NAME)";
			};
			name = Debug;
		};
		3B1034641E9F99C40021538A /* Release */ = {
			isa = XCBuildConfiguration;
			buildSettings = {
				ALWAYS_SEARCH_USER_PATHS = NO;
				CLANG_CXX_LANGUAGE_STANDARD = "gnu++14";
				CLANG_CXX_LIBRARY = "libstdc++";
				"HEADER_SEARCH_PATHS[arch=*]" = /Users/ninanthomas/projects/server;
				PRODUCT_NAME = "$(TARGET_NAME)";
			};
			name = Release;
		};
/* End XCBuildConfiguration section */

/* Begin XCConfigurationList section */
		3B1034561E9F99C40021538A /* Build configuration list for PBXProject "server" */ = {
			isa = XCConfigurationList;
			buildConfigurations = (
				3B1034601E9F99C40021538A /* Debug */,
				3B1034611E9F99C40021538A /* Release */,
			);
			defaultConfigurationIsVisible = 0;
			defaultConfigurationName = Release;
		};
		3B1034621E9F99C40021538A /* Build configuration list for PBXNativeTarget "server" */ = {
			isa = XCConfigurationList;
			buildConfigurations = (
				3B1034631E9F99C40021538A /* Debug */,
				3B1034641E9F99C40021538A /* Release */,
			);
			defaultConfigurationIsVisible = 0;
		};
/* End XCConfigurationList section */
	};
	rootObject = 3B1034531E9F99C40021538A /* Project object */;
}
